
Microsoft Visual Studio Solution File, Format Version 12.00
# Visual Studio Version 17
VisualStudioVersion = 17.11.35222.181
MinimumVisualStudioVersion = 10.0.40219.1
Project("{8BC9CEB8-8B4A-11D0-8D11-00A0C91BC942}") = "example101", "example101\example101.vcxproj", "{6A6C61C5-3E52-42BD-853C-40CA64B82E55}"
	ProjectSection(ProjectDependencies) = postProject
		{8C250C8A-C234-450D-83ED-F0C898E1A739} = {8C250C8A-C234-450D-83ED-F0C898E1A739}
	EndProjectSection
EndProject
Project("{8BC9CEB8-8B4A-11D0-8D11-00A0C91BC942}") = "toroCLibrary", "libsrc\toroCLibrary\toroCLibrary.vcxproj", "{8C250C8A-C234-450D-83ED-F0C898E1A739}"
EndProject
Project("{8BC9CEB8-8B4A-11D0-8D11-00A0C91BC942}") = "example102", "example102\example102.vcxproj", "{B2ED2F95-8C90-493D-992E-2AB39D45BDEA}"
	ProjectSection(ProjectDependencies) = postProject
		{8C250C8A-C234-450D-83ED-F0C898E1A739} = {8C250C8A-C234-450D-83ED-F0C898E1A739}
	EndProjectSection
EndProject
Project("{8BC9CEB8-8B4A-11D0-8D11-00A0C91BC942}") = "example103", "example103\example103.vcxproj", "{5D7622D5-582A-4063-A2B7-EE12DE174742}"
	ProjectSection(ProjectDependencies) = postProject
		{8C250C8A-C234-450D-83ED-F0C898E1A739} = {8C250C8A-C234-450D-83ED-F0C898E1A739}
		{B2ED2F95-8C90-493D-992E-2AB39D45BDEA} = {B2ED2F95-8C90-493D-992E-2AB39D45BDEA}
	EndProjectSection
EndProject
Project("{8BC9CEB8-8B4A-11D0-8D11-00A0C91BC942}") = "example107", "example107\example107.vcxproj", "{C4FE05EC-3215-43BE-BD93-66FAA69B6951}"
	ProjectSection(ProjectDependencies) = postProject
		{8C250C8A-C234-450D-83ED-F0C898E1A739} = {8C250C8A-C234-450D-83ED-F0C898E1A739}
		{B2ED2F95-8C90-493D-992E-2AB39D45BDEA} = {B2ED2F95-8C90-493D-992E-2AB39D45BDEA}
		{E2944D03-07A9-40F8-8453-33A4755D8FD0} = {E2944D03-07A9-40F8-8453-33A4755D8FD0}
	EndProjectSection
EndProject
Project("{8BC9CEB8-8B4A-11D0-8D11-00A0C91BC942}") = "example105", "example105\example105.vcxproj", "{E2944D03-07A9-40F8-8453-33A4755D8FD0}"
	ProjectSection(ProjectDependencies) = postProject
		{8C250C8A-C234-450D-83ED-F0C898E1A739} = {8C250C8A-C234-450D-83ED-F0C898E1A739}
	EndProjectSection
EndProject
Project("{8BC9CEB8-8B4A-11D0-8D11-00A0C91BC942}") = "example108", "example108\example108.vcxproj", "{7B31E7B4-D8FF-4612-8EAF-B9AF3AE1BE04}"
	ProjectSection(ProjectDependencies) = postProject
		{8C250C8A-C234-450D-83ED-F0C898E1A739} = {8C250C8A-C234-450D-83ED-F0C898E1A739}
		{B2ED2F95-8C90-493D-992E-2AB39D45BDEA} = {B2ED2F95-8C90-493D-992E-2AB39D45BDEA}
		{E2944D03-07A9-40F8-8453-33A4755D8FD0} = {E2944D03-07A9-40F8-8453-33A4755D8FD0}
	EndProjectSection
EndProject
Project("{2150E333-8FDC-42A3-9474-1A3956D46DE8}") = "Solution Items", "Solution Items", "{68A686FE-39D2-4703-B3DF-852FA7342185}"
	ProjectSection(SolutionItems) = preProject
		README.md = README.md
	EndProjectSection
EndProject
Global
	GlobalSection(SolutionConfigurationPlatforms) = preSolution
		UEFI|x64 = UEFI|x64
		WINDBG64|x64 = WINDBG64|x64
	EndGlobalSection
	GlobalSection(ProjectConfigurationPlatforms) = postSolution
		{6A6C61C5-3E52-42BD-853C-40CA64B82E55}.UEFI|x64.ActiveCfg = UEFI|x64
		{6A6C61C5-3E52-42BD-853C-40CA64B82E55}.UEFI|x64.Build.0 = UEFI|x64
		{6A6C61C5-3E52-42BD-853C-40CA64B82E55}.WINDBG64|x64.ActiveCfg = WINDBG|x64
		{6A6C61C5-3E52-42BD-853C-40CA64B82E55}.WINDBG64|x64.Build.0 = WINDBG|x64
		{8C250C8A-C234-450D-83ED-F0C898E1A739}.UEFI|x64.ActiveCfg = Release|x64
		{8C250C8A-C234-450D-83ED-F0C898E1A739}.UEFI|x64.Build.0 = Release|x64
		{8C250C8A-C234-450D-83ED-F0C898E1A739}.WINDBG64|x64.ActiveCfg = Debug|x64
		{8C250C8A-C234-450D-83ED-F0C898E1A739}.WINDBG64|x64.Build.0 = Debug|x64
		{B2ED2F95-8C90-493D-992E-2AB39D45BDEA}.UEFI|x64.ActiveCfg = UEFI|x64
		{B2ED2F95-8C90-493D-992E-2AB39D45BDEA}.UEFI|x64.Build.0 = UEFI|x64
		{B2ED2F95-8C90-493D-992E-2AB39D45BDEA}.WINDBG64|x64.ActiveCfg = WINDBG|x64
		{B2ED2F95-8C90-493D-992E-2AB39D45BDEA}.WINDBG64|x64.Build.0 = WINDBG|x64
		{5D7622D5-582A-4063-A2B7-EE12DE174742}.UEFI|x64.ActiveCfg = UEFI|x64
		{5D7622D5-582A-4063-A2B7-EE12DE174742}.UEFI|x64.Build.0 = UEFI|x64
		{5D7622D5-582A-4063-A2B7-EE12DE174742}.WINDBG64|x64.ActiveCfg = WINDBG|x64
		{5D7622D5-582A-4063-A2B7-EE12DE174742}.WINDBG64|x64.Build.0 = WINDBG|x64
		{C4FE05EC-3215-43BE-BD93-66FAA69B6951}.UEFI|x64.ActiveCfg = UEFI|x64
		{C4FE05EC-3215-43BE-BD93-66FAA69B6951}.UEFI|x64.Build.0 = UEFI|x64
		{C4FE05EC-3215-43BE-BD93-66FAA69B6951}.WINDBG64|x64.ActiveCfg = WINDBG|x64
		{C4FE05EC-3215-43BE-BD93-66FAA69B6951}.WINDBG64|x64.Build.0 = WINDBG|x64
		{E2944D03-07A9-40F8-8453-33A4755D8FD0}.UEFI|x64.ActiveCfg = UEFI|x64
		{E2944D03-07A9-40F8-8453-33A4755D8FD0}.UEFI|x64.Build.0 = UEFI|x64
		{E2944D03-07A9-40F8-8453-33A4755D8FD0}.WINDBG64|x64.ActiveCfg = WINDBG|x64
		{E2944D03-07A9-40F8-8453-33A4755D8FD0}.WINDBG64|x64.Build.0 = WINDBG|x64
		{7B31E7B4-D8FF-4612-8EAF-B9AF3AE1BE04}.UEFI|x64.ActiveCfg = UEFI|x64
		{7B31E7B4-D8FF-4612-8EAF-B9AF3AE1BE04}.UEFI|x64.Build.0 = UEFI|x64
		{7B31E7B4-D8FF-4612-8EAF-B9AF3AE1BE04}.WINDBG64|x64.ActiveCfg = WINDBG|x64
		{7B31E7B4-D8FF-4612-8EAF-B9AF3AE1BE04}.WINDBG64|x64.Build.0 = WINDBG|x64
	EndGlobalSection
	GlobalSection(SolutionProperties) = preSolution
		HideSolutionNode = FALSE
	EndGlobalSection
	GlobalSection(ExtensibilityGlobals) = postSolution
		SolutionGuid = {B88C8C96-FB53-4EB9-828C-B92B4A0C2C96}
	EndGlobalSection
EndGlobal
